
Microsoft Visual Studio Solution File, Format Version 12.00
# Visual Studio Version 17
VisualStudioVersion = 17.5.002.0
MinimumVisualStudioVersion = 10.0.40219.1
Project("{2150E333-8FDC-42A3-9474-1A3956D46DE8}") = "Back", "Back", "{81B0C93B-B67C-4C26-BFD1-3C27E703A1C9}"
EndProject
Project("{2150E333-8FDC-42A3-9474-1A3956D46DE8}") = "src", "src", "{C29F1303-E155-4FAA-A463-EA0196A728B6}"
EndProject
Project("{9A19103F-16F7-4668-BE54-9A1E7A4F7556}") = "ProEventos.API", "Back\src\ProEventos.API\ProEventos.API.csproj", "{7C2E1269-5972-4060-89F0-E7F25798F4A2}"
EndProject
Global
	GlobalSection(SolutionConfigurationPlatforms) = preSolution
		Debug|Any CPU = Debug|Any CPU
		Release|Any CPU = Release|Any CPU
	EndGlobalSection
	GlobalSection(ProjectConfigurationPlatforms) = postSolution
		{7C2E1269-5972-4060-89F0-E7F25798F4A2}.Debug|Any CPU.ActiveCfg = Debug|Any CPU
		{7C2E1269-5972-4060-89F0-E7F25798F4A2}.Debug|Any CPU.Build.0 = Debug|Any CPU
		{7C2E1269-5972-4060-89F0-E7F25798F4A2}.Release|Any CPU.ActiveCfg = Release|Any CPU
		{7C2E1269-5972-4060-89F0-E7F25798F4A2}.Release|Any CPU.Build.0 = Release|Any CPU
	EndGlobalSection
	GlobalSection(SolutionProperties) = preSolution
		HideSolutionNode = FALSE
	EndGlobalSection
	GlobalSection(NestedProjects) = preSolution
		{C29F1303-E155-4FAA-A463-EA0196A728B6} = {81B0C93B-B67C-4C26-BFD1-3C27E703A1C9}
		{7C2E1269-5972-4060-89F0-E7F25798F4A2} = {C29F1303-E155-4FAA-A463-EA0196A728B6}
	EndGlobalSection
	GlobalSection(ExtensibilityGlobals) = postSolution
		SolutionGuid = {8C8F7D24-8053-4AB9-8041-15167270F69B}
	EndGlobalSection
EndGlobal
